{
    "_readme": [
        "This file locks the dependencies of your project to a known state",
        "Read more about it at https://getcomposer.org/doc/01-basic-usage.md#installing-dependencies",
        "This file is @generated automatically"
    ],
    "content-hash": "34b73aeda945a610c62aa7d0d9c1f75a",
    "packages": [
        {
            "name": "sumup/sumup-ecom-php-sdk",
            "version": "1.4.0",
            "source": {
                "type": "git",
                "url": "https://github.com/sumup/sumup-ecom-php-sdk.git",
                "reference": "8d51db9cb202b2889a48612b4fe3dce8cb7d9c87"
            },
            "dist": {
                "type": "zip",
                "url": "https://api.github.com/repos/sumup/sumup-ecom-php-sdk/zipball/8d51db9cb202b2889a48612b4fe3dce8cb7d9c87",
                "reference": "8d51db9cb202b2889a48612b4fe3dce8cb7d9c87",
                "shasum": ""
            },
            "require": {
                "php": "^5.6|^7.0|^8.0"
            },
            "require-dev": {
                "friendsofphp/php-cs-fixer": "3.5.0",
                "phpunit/phpunit": "^9.6"
            },
            "suggest": {
                "guzzlehttp/guzzle": "Allows for implementation of the Guzzle HTTP client"
            },
            "type": "library",
            "autoload": {
                "psr-4": {
                    "SumUp\\": "src/SumUp/"
                }
            },
            "notification-url": "https://packagist.org/downloads/",
            "license": [
                "Apache-2.0"
            ],
            "authors": [
                {
                    "name": "SumUp",
                    "email": "integration@sumup.com",
                    "homepage": "https://github.com/sumup"
                }
            ],
            "description": "SumUp PHP SDK",
            "homepage": "https://developer.sumup.com",
            "keywords": [
                "checkout",
                "ecommerce",
                "payment",
                "payment processing",
                "sdk",
                "sumup"
            ],
            "support": {
                "issues": "https://github.com/sumup/sumup-ecom-php-sdk/issues",
                "source": "https://github.com/sumup/sumup-ecom-php-sdk/tree/v1.4.0"
            },
            "time": "2025-11-12T21:19:44+00:00"
        }
    ],
    "packages-dev": [],
    "aliases": [],
    "minimum-stability": "stable",
    "stability-flags": {},
    "prefer-stable": false,
    "prefer-lowest": false,
    "platform": {},
    "platform-dev": {},
    "plugin-api-version": "2.6.0"
}
